
Microsoft Visual Studio Solution File, Format Version 12.00
# Visual Studio 15
VisualStudioVersion = 15.0.26124.0
MinimumVisualStudioVersion = 15.0.26124.0
Project("{2150E333-8FDC-42A3-9474-1A3956D46DE8}") = "src", "src", "{96C638E5-2D89-4429-A2A4-AF7EBFF9625D}"
EndProject
Project("{FAE04EC0-301F-11D3-BF4B-00C04F79EFBC}") = "AM.Condo.CLI", "src\AM.Condo.CLI\AM.Condo.CLI.csproj", "{D62DE5F7-803B-44E7-AF9D-2FE06EB9A5BA}"
EndProject
Project("{2150E333-8FDC-42A3-9474-1A3956D46DE8}") = "test", "test", "{39B1BDE2-2773-4E27-8793-01143913A2E9}"
EndProject
Project("{FAE04EC0-301F-11D3-BF4B-00C04F79EFBC}") = "AM.Condo.CLI.Test", "test\AM.Condo.CLI.Test\AM.Condo.CLI.Test.csproj", "{385F3B8A-BD36-4476-BD30-8B834D551A2F}"
EndProject
Global
	GlobalSection(SolutionConfigurationPlatforms) = preSolution
		Debug|Any CPU = Debug|Any CPU
		Debug|x64 = Debug|x64
		Debug|x86 = Debug|x86
		Release|Any CPU = Release|Any CPU
		Release|x64 = Release|x64
		Release|x86 = Release|x86
	EndGlobalSection
	GlobalSection(SolutionProperties) = preSolution
		HideSolutionNode = FALSE
	EndGlobalSection
	GlobalSection(ProjectConfigurationPlatforms) = postSolution
		{D62DE5F7-803B-44E7-AF9D-2FE06EB9A5BA}.Debug|Any CPU.ActiveCfg = Debug|Any CPU
		{D62DE5F7-803B-44E7-AF9D-2FE06EB9A5BA}.Debug|Any CPU.Build.0 = Debug|Any CPU
		{D62DE5F7-803B-44E7-AF9D-2FE06EB9A5BA}.Debug|x64.ActiveCfg = Debug|x64
		{D62DE5F7-803B-44E7-AF9D-2FE06EB9A5BA}.Debug|x64.Build.0 = Debug|x64
		{D62DE5F7-803B-44E7-AF9D-2FE06EB9A5BA}.Debug|x86.ActiveCfg = Debug|x86
		{D62DE5F7-803B-44E7-AF9D-2FE06EB9A5BA}.Debug|x86.Build.0 = Debug|x86
		{D62DE5F7-803B-44E7-AF9D-2FE06EB9A5BA}.Release|Any CPU.ActiveCfg = Release|Any CPU
		{D62DE5F7-803B-44E7-AF9D-2FE06EB9A5BA}.Release|Any CPU.Build.0 = Release|Any CPU
		{D62DE5F7-803B-44E7-AF9D-2FE06EB9A5BA}.Release|x64.ActiveCfg = Release|x64
		{D62DE5F7-803B-44E7-AF9D-2FE06EB9A5BA}.Release|x64.Build.0 = Release|x64
		{D62DE5F7-803B-44E7-AF9D-2FE06EB9A5BA}.Release|x86.ActiveCfg = Release|x86
		{D62DE5F7-803B-44E7-AF9D-2FE06EB9A5BA}.Release|x86.Build.0 = Release|x86
		{385F3B8A-BD36-4476-BD30-8B834D551A2F}.Debug|Any CPU.ActiveCfg = Debug|Any CPU
		{385F3B8A-BD36-4476-BD30-8B834D551A2F}.Debug|Any CPU.Build.0 = Debug|Any CPU
		{385F3B8A-BD36-4476-BD30-8B834D551A2F}.Debug|x64.ActiveCfg = Debug|x64
		{385F3B8A-BD36-4476-BD30-8B834D551A2F}.Debug|x64.Build.0 = Debug|x64
		{385F3B8A-BD36-4476-BD30-8B834D551A2F}.Debug|x86.ActiveCfg = Debug|x86
		{385F3B8A-BD36-4476-BD30-8B834D551A2F}.Debug|x86.Build.0 = Debug|x86
		{385F3B8A-BD36-4476-BD30-8B834D551A2F}.Release|Any CPU.ActiveCfg = Release|Any CPU
		{385F3B8A-BD36-4476-BD30-8B834D551A2F}.Release|Any CPU.Build.0 = Release|Any CPU
		{385F3B8A-BD36-4476-BD30-8B834D551A2F}.Release|x64.ActiveCfg = Release|x64
		{385F3B8A-BD36-4476-BD30-8B834D551A2F}.Release|x64.Build.0 = Release|x64
		{385F3B8A-BD36-4476-BD30-8B834D551A2F}.Release|x86.ActiveCfg = Release|x86
		{385F3B8A-BD36-4476-BD30-8B834D551A2F}.Release|x86.Build.0 = Release|x86
	EndGlobalSection
	GlobalSection(NestedProjects) = preSolution
		{D62DE5F7-803B-44E7-AF9D-2FE06EB9A5BA} = {96C638E5-2D89-4429-A2A4-AF7EBFF9625D}
		{385F3B8A-BD36-4476-BD30-8B834D551A2F} = {39B1BDE2-2773-4E27-8793-01143913A2E9}
	EndGlobalSection
EndGlobal
